
Microsoft Visual Studio Solution File, Format Version 12.00
# Visual Studio Version 17
VisualStudioVersion = 17.14.36518.9
MinimumVisualStudioVersion = 10.0.40219.1
Project("{8BC9CEB8-8B4A-11D0-8D11-00A0C91BC942}") = "AC1-FirstProgram", "AC1-FirstProgram\AC1-FirstProgram.vcxproj", "{8AD9075A-B83A-4383-9F88-FF45009385CA}"
EndProject
Project("{8BC9CEB8-8B4A-11D0-8D11-00A0C91BC942}") = "AC2-SecondProgram", "AC2-SecondProgram\AC2-SecondProgram.vcxproj", "{23E24B4C-6EDD-4EFB-900A-28021463AF8C}"
EndProject
Project("{8BC9CEB8-8B4A-11D0-8D11-00A0C91BC942}") = "AC2-ThirdProgram", "AC3-ThirdProgram\AC3-ThirdProgram.vcxproj", "{6DF7C159-ACE6-499C-975C-378940E33096}"
EndProject
Project("{8BC9CEB8-8B4A-11D0-8D11-00A0C91BC942}") = "AC3-UsingVectors", "Project1\Project1.vcxproj", "{DA9259DF-C074-4BF9-A58A-6FA1CF0D2245}"
EndProject
Project("{8BC9CEB8-8B4A-11D0-8D11-00A0C91BC942}") = "AC4-29.10.2025", "AC4-29.10.2025\AC4-29.10.2025.vcxproj", "{5659D9FF-1C65-48BF-9D2C-A33DED350B22}"
EndProject
Project("{8BC9CEB8-8B4A-11D0-8D11-00A0C91BC942}") = "AC4-29.10.2025part2", "AC4-29.10.2025part2\AC4-29.10.2025part2.vcxproj", "{3DA4CB0F-3AE4-4210-A9DB-81B62894BC34}"
EndProject
Project("{8BC9CEB8-8B4A-11D0-8D11-00A0C91BC942}") = "AC5-05.11", "AC5-05.11\AC5-05.11.vcxproj", "{40F81411-665B-4B74-82B7-69A7E839288B}"
EndProject
Project("{8BC9CEB8-8B4A-11D0-8D11-00A0C91BC942}") = "AC6-12.11", "AC6-12.11\AC6-12.11.vcxproj", "{471EC57C-879F-4CA8-8F9E-6B9819B2B317}"
EndProject
Project("{8BC9CEB8-8B4A-11D0-8D11-00A0C91BC942}") = "AC7-19.11", "AC7-19.11\AC7-19.11.vcxproj", "{BD070F8C-C2D6-466B-8372-F840BCB9EDAD}"
EndProject
Project("{8BC9CEB8-8B4A-11D0-8D11-00A0C91BC942}") = "AC7-19.11 PART2", "AC7-19.11 PART2\AC7-19.11 PART2.vcxproj", "{89988905-48AE-4849-BFBE-F409B2D9B420}"
EndProject
Project("{8BC9CEB8-8B4A-11D0-8D11-00A0C91BC942}") = "AC7-19.11 homework", "AC7-19.11 homework\AC7-19.11 homework.vcxproj", "{A643D436-C36C-4325-BF22-37BC46C82E9B}"
EndProject
Project("{8BC9CEB8-8B4A-11D0-8D11-00A0C91BC942}") = "SortingProject", "SortingProject\SortingProject.vcxproj", "{2719EAB7-63BA-4B41-B48E-B527EF8F66BE}"
EndProject
Project("{8BC9CEB8-8B4A-11D0-8D11-00A0C91BC942}") = "AC-RPN-11.01.2026", "AC-RPN-11.01.2026\AC-RPN-11.01.2026.vcxproj", "{5500A7BC-DEB0-407B-8C67-1DA527226A44}"
EndProject
Global
	GlobalSection(SolutionConfigurationPlatforms) = preSolution
		Debug|x64 = Debug|x64
		Debug|x86 = Debug|x86
		Release|x64 = Release|x64
		Release|x86 = Release|x86
	EndGlobalSection
	GlobalSection(ProjectConfigurationPlatforms) = postSolution
		{8AD9075A-B83A-4383-9F88-FF45009385CA}.Debug|x64.ActiveCfg = Debug|x64
		{8AD9075A-B83A-4383-9F88-FF45009385CA}.Debug|x64.Build.0 = Debug|x64
		{8AD9075A-B83A-4383-9F88-FF45009385CA}.Debug|x86.ActiveCfg = Debug|Win32
		{8AD9075A-B83A-4383-9F88-FF45009385CA}.Debug|x86.Build.0 = Debug|Win32
		{8AD9075A-B83A-4383-9F88-FF45009385CA}.Release|x64.ActiveCfg = Release|x64
		{8AD9075A-B83A-4383-9F88-FF45009385CA}.Release|x64.Build.0 = Release|x64
		{8AD9075A-B83A-4383-9F88-FF45009385CA}.Release|x86.ActiveCfg = Release|Win32
		{8AD9075A-B83A-4383-9F88-FF45009385CA}.Release|x86.Build.0 = Release|Win32
		{23E24B4C-6EDD-4EFB-900A-28021463AF8C}.Debug|x64.ActiveCfg = Debug|x64
		{23E24B4C-6EDD-4EFB-900A-28021463AF8C}.Debug|x64.Build.0 = Debug|x64
		{23E24B4C-6EDD-4EFB-900A-28021463AF8C}.Debug|x86.ActiveCfg = Debug|Win32
		{23E24B4C-6EDD-4EFB-900A-28021463AF8C}.Debug|x86.Build.0 = Debug|Win32
		{23E24B4C-6EDD-4EFB-900A-28021463AF8C}.Release|x64.ActiveCfg = Release|x64
		{23E24B4C-6EDD-4EFB-900A-28021463AF8C}.Release|x64.Build.0 = Release|x64
		{23E24B4C-6EDD-4EFB-900A-28021463AF8C}.Release|x86.ActiveCfg = Release|Win32
		{23E24B4C-6EDD-4EFB-900A-28021463AF8C}.Release|x86.Build.0 = Release|Win32
		{6DF7C159-ACE6-499C-975C-378940E33096}.Debug|x64.ActiveCfg = Debug|x64
		{6DF7C159-ACE6-499C-975C-378940E33096}.Debug|x64.Build.0 = Debug|x64
		{6DF7C159-ACE6-499C-975C-378940E33096}.Debug|x86.ActiveCfg = Debug|Win32
		{6DF7C159-ACE6-499C-975C-378940E33096}.Debug|x86.Build.0 = Debug|Win32
		{6DF7C159-ACE6-499C-975C-378940E33096}.Release|x64.ActiveCfg = Release|x64
		{6DF7C159-ACE6-499C-975C-378940E33096}.Release|x64.Build.0 = Release|x64
		{6DF7C159-ACE6-499C-975C-378940E33096}.Release|x86.ActiveCfg = Release|Win32
		{6DF7C159-ACE6-499C-975C-378940E33096}.Release|x86.Build.0 = Release|Win32
		{DA9259DF-C074-4BF9-A58A-6FA1CF0D2245}.Debug|x64.ActiveCfg = Debug|x64
		{DA9259DF-C074-4BF9-A58A-6FA1CF0D2245}.Debug|x64.Build.0 = Debug|x64
		{DA9259DF-C074-4BF9-A58A-6FA1CF0D2245}.Debug|x86.ActiveCfg = Debug|Win32
		{DA9259DF-C074-4BF9-A58A-6FA1CF0D2245}.Debug|x86.Build.0 = Debug|Win32
		{DA9259DF-C074-4BF9-A58A-6FA1CF0D2245}.Release|x64.ActiveCfg = Release|x64
		{DA9259DF-C074-4BF9-A58A-6FA1CF0D2245}.Release|x64.Build.0 = Release|x64
		{DA9259DF-C074-4BF9-A58A-6FA1CF0D2245}.Release|x86.ActiveCfg = Release|Win32
		{DA9259DF-C074-4BF9-A58A-6FA1CF0D2245}.Release|x86.Build.0 = Release|Win32
		{5659D9FF-1C65-48BF-9D2C-A33DED350B22}.Debug|x64.ActiveCfg = Debug|x64
		{5659D9FF-1C65-48BF-9D2C-A33DED350B22}.Debug|x64.Build.0 = Debug|x64
		{5659D9FF-1C65-48BF-9D2C-A33DED350B22}.Debug|x86.ActiveCfg = Debug|Win32
		{5659D9FF-1C65-48BF-9D2C-A33DED350B22}.Debug|x86.Build.0 = Debug|Win32
		{5659D9FF-1C65-48BF-9D2C-A33DED350B22}.Release|x64.ActiveCfg = Release|x64
		{5659D9FF-1C65-48BF-9D2C-A33DED350B22}.Release|x64.Build.0 = Release|x64
		{5659D9FF-1C65-48BF-9D2C-A33DED350B22}.Release|x86.ActiveCfg = Release|Win32
		{5659D9FF-1C65-48BF-9D2C-A33DED350B22}.Release|x86.Build.0 = Release|Win32
		{3DA4CB0F-3AE4-4210-A9DB-81B62894BC34}.Debug|x64.ActiveCfg = Debug|x64
		{3DA4CB0F-3AE4-4210-A9DB-81B62894BC34}.Debug|x64.Build.0 = Debug|x64
		{3DA4CB0F-3AE4-4210-A9DB-81B62894BC34}.Debug|x86.ActiveCfg = Debug|Win32
		{3DA4CB0F-3AE4-4210-A9DB-81B62894BC34}.Debug|x86.Build.0 = Debug|Win32
		{3DA4CB0F-3AE4-4210-A9DB-81B62894BC34}.Release|x64.ActiveCfg = Release|x64
		{3DA4CB0F-3AE4-4210-A9DB-81B62894BC34}.Release|x64.Build.0 = Release|x64
		{3DA4CB0F-3AE4-4210-A9DB-81B62894BC34}.Release|x86.ActiveCfg = Release|Win32
		{3DA4CB0F-3AE4-4210-A9DB-81B62894BC34}.Release|x86.Build.0 = Release|Win32
		{40F81411-665B-4B74-82B7-69A7E839288B}.Debug|x64.ActiveCfg = Debug|x64
		{40F81411-665B-4B74-82B7-69A7E839288B}.Debug|x64.Build.0 = Debug|x64
		{40F81411-665B-4B74-82B7-69A7E839288B}.Debug|x86.ActiveCfg = Debug|Win32
		{40F81411-665B-4B74-82B7-69A7E839288B}.Debug|x86.Build.0 = Debug|Win32
		{40F81411-665B-4B74-82B7-69A7E839288B}.Release|x64.ActiveCfg = Release|x64
		{40F81411-665B-4B74-82B7-69A7E839288B}.Release|x64.Build.0 = Release|x64
		{40F81411-665B-4B74-82B7-69A7E839288B}.Release|x86.ActiveCfg = Release|Win32
		{40F81411-665B-4B74-82B7-69A7E839288B}.Release|x86.Build.0 = Release|Win32
		{471EC57C-879F-4CA8-8F9E-6B9819B2B317}.Debug|x64.ActiveCfg = Debug|x64
		{471EC57C-879F-4CA8-8F9E-6B9819B2B317}.Debug|x64.Build.0 = Debug|x64
		{471EC57C-879F-4CA8-8F9E-6B9819B2B317}.Debug|x86.ActiveCfg = Debug|Win32
		{471EC57C-879F-4CA8-8F9E-6B9819B2B317}.Debug|x86.Build.0 = Debug|Win32
		{471EC57C-879F-4CA8-8F9E-6B9819B2B317}.Release|x64.ActiveCfg = Release|x64
		{471EC57C-879F-4CA8-8F9E-6B9819B2B317}.Release|x64.Build.0 = Release|x64
		{471EC57C-879F-4CA8-8F9E-6B9819B2B317}.Release|x86.ActiveCfg = Release|Win32
		{471EC57C-879F-4CA8-8F9E-6B9819B2B317}.Release|x86.Build.0 = Release|Win32
		{BD070F8C-C2D6-466B-8372-F840BCB9EDAD}.Debug|x64.ActiveCfg = Debug|x64
		{BD070F8C-C2D6-466B-8372-F840BCB9EDAD}.Debug|x64.Build.0 = Debug|x64
		{BD070F8C-C2D6-466B-8372-F840BCB9EDAD}.Debug|x86.ActiveCfg = Debug|Win32
		{BD070F8C-C2D6-466B-8372-F840BCB9EDAD}.Debug|x86.Build.0 = Debug|Win32
		{BD070F8C-C2D6-466B-8372-F840BCB9EDAD}.Release|x64.ActiveCfg = Release|x64
		{BD070F8C-C2D6-466B-8372-F840BCB9EDAD}.Release|x64.Build.0 = Release|x64
		{BD070F8C-C2D6-466B-8372-F840BCB9EDAD}.Release|x86.ActiveCfg = Release|Win32
		{BD070F8C-C2D6-466B-8372-F840BCB9EDAD}.Release|x86.Build.0 = Release|Win32
		{89988905-48AE-4849-BFBE-F409B2D9B420}.Debug|x64.ActiveCfg = Debug|x64
		{89988905-48AE-4849-BFBE-F409B2D9B420}.Debug|x64.Build.0 = Debug|x64
		{89988905-48AE-4849-BFBE-F409B2D9B420}.Debug|x86.ActiveCfg = Debug|Win32
		{89988905-48AE-4849-BFBE-F409B2D9B420}.Debug|x86.Build.0 = Debug|Win32
		{89988905-48AE-4849-BFBE-F409B2D9B420}.Release|x64.ActiveCfg = Release|x64
		{89988905-48AE-4849-BFBE-F409B2D9B420}.Release|x64.Build.0 = Release|x64
		{89988905-48AE-4849-BFBE-F409B2D9B420}.Release|x86.ActiveCfg = Release|Win32
		{89988905-48AE-4849-BFBE-F409B2D9B420}.Release|x86.Build.0 = Release|Win32
		{A643D436-C36C-4325-BF22-37BC46C82E9B}.Debug|x64.ActiveCfg = Debug|x64
		{A643D436-C36C-4325-BF22-37BC46C82E9B}.Debug|x64.Build.0 = Debug|x64
		{A643D436-C36C-4325-BF22-37BC46C82E9B}.Debug|x86.ActiveCfg = Debug|Win32
		{A643D436-C36C-4325-BF22-37BC46C82E9B}.Debug|x86.Build.0 = Debug|Win32
		{A643D436-C36C-4325-BF22-37BC46C82E9B}.Release|x64.ActiveCfg = Release|x64
		{A643D436-C36C-4325-BF22-37BC46C82E9B}.Release|x64.Build.0 = Release|x64
		{A643D436-C36C-4325-BF22-37BC46C82E9B}.Release|x86.ActiveCfg = Release|Win32
		{A643D436-C36C-4325-BF22-37BC46C82E9B}.Release|x86.Build.0 = Release|Win32
		{2719EAB7-63BA-4B41-B48E-B527EF8F66BE}.Debug|x64.ActiveCfg = Debug|x64
		{2719EAB7-63BA-4B41-B48E-B527EF8F66BE}.Debug|x64.Build.0 = Debug|x64
		{2719EAB7-63BA-4B41-B48E-B527EF8F66BE}.Debug|x86.ActiveCfg = Debug|Win32
		{2719EAB7-63BA-4B41-B48E-B527EF8F66BE}.Debug|x86.Build.0 = Debug|Win32
		{2719EAB7-63BA-4B41-B48E-B527EF8F66BE}.Release|x64.ActiveCfg = Release|x64
		{2719EAB7-63BA-4B41-B48E-B527EF8F66BE}.Release|x64.Build.0 = Release|x64
		{2719EAB7-63BA-4B41-B48E-B527EF8F66BE}.Release|x86.ActiveCfg = Release|Win32
		{2719EAB7-63BA-4B41-B48E-B527EF8F66BE}.Release|x86.Build.0 = Release|Win32
		{5500A7BC-DEB0-407B-8C67-1DA527226A44}.Debug|x64.ActiveCfg = Debug|x64
		{5500A7BC-DEB0-407B-8C67-1DA527226A44}.Debug|x64.Build.0 = Debug|x64
		{5500A7BC-DEB0-407B-8C67-1DA527226A44}.Debug|x86.ActiveCfg = Debug|Win32
		{5500A7BC-DEB0-407B-8C67-1DA527226A44}.Debug|x86.Build.0 = Debug|Win32
		{5500A7BC-DEB0-407B-8C67-1DA527226A44}.Release|x64.ActiveCfg = Release|x64
		{5500A7BC-DEB0-407B-8C67-1DA527226A44}.Release|x64.Build.0 = Release|x64
		{5500A7BC-DEB0-407B-8C67-1DA527226A44}.Release|x86.ActiveCfg = Release|Win32
		{5500A7BC-DEB0-407B-8C67-1DA527226A44}.Release|x86.Build.0 = Release|Win32
	EndGlobalSection
	GlobalSection(SolutionProperties) = preSolution
		HideSolutionNode = FALSE
	EndGlobalSection
	GlobalSection(ExtensibilityGlobals) = postSolution
		SolutionGuid = {1FE9E785-D54D-4103-8C9B-0461C6D78A87}
	EndGlobalSection
EndGlobal
